// !$*UTF8*$!
{
	archiveVersion = 1;
	classes = {
	};
	objectVersion = 48;
	objects = {

/* Begin PBXBuildFile section */
		4366F686203C15D200A06CC7 /* Serializer.swift in Sources */ = {isa = PBXBuildFile; fileRef = 4366F685203C15D200A06CC7 /* Serializer.swift */; };
		4366F689203C161E00A06CC7 /* JSONSerializer.swift in Sources */ = {isa = PBXBuildFile; fileRef = 4366F688203C161E00A06CC7 /* JSONSerializer.swift */; };
		4366F68B203C166700A06CC7 /* StringSerializer.swift in Sources */ = {isa = PBXBuildFile; fileRef = 4366F68A203C166700A06CC7 /* StringSerializer.swift */; };
		4366F693203C560200A06CC7 /* ErrorCodeHandler.swift in Sources */ = {isa = PBXBuildFile; fileRef = 4366F692203C560200A06CC7 /* ErrorCodeHandler.swift */; };
		4366F695203C562200A06CC7 /* BaseErrorHandler.swift in Sources */ = {isa = PBXBuildFile; fileRef = 4366F694203C562200A06CC7 /* BaseErrorHandler.swift */; };
		4366F697203C565600A06CC7 /* BaseErrorCodeHandler.swift in Sources */ = {isa = PBXBuildFile; fileRef = 4366F696203C565600A06CC7 /* BaseErrorCodeHandler.swift */; };
		4366F699203C595F00A06CC7 /* ErrorMessageGetter.swift in Sources */ = {isa = PBXBuildFile; fileRef = 4366F698203C595F00A06CC7 /* ErrorMessageGetter.swift */; };
		4366F69B203C599200A06CC7 /* BaseErrorMessageGetter.swift in Sources */ = {isa = PBXBuildFile; fileRef = 4366F69A203C599200A06CC7 /* BaseErrorMessageGetter.swift */; };
		4366F69D203C603900A06CC7 /* SuccessResponseChecker.swift in Sources */ = {isa = PBXBuildFile; fileRef = 4366F69C203C603900A06CC7 /* SuccessResponseChecker.swift */; };
		4366F69F203C607900A06CC7 /* BaseSuccessResponseChecker.swift in Sources */ = {isa = PBXBuildFile; fileRef = 4366F69E203C607900A06CC7 /* BaseSuccessResponseChecker.swift */; };
		4366F6A2203C629000A06CC7 /* VKAPISuccesChecker.swift in Sources */ = {isa = PBXBuildFile; fileRef = 4366F6A1203C629000A06CC7 /* VKAPISuccesChecker.swift */; };
		4366F6A4203C63A600A06CC7 /* VKAPIErrorMessageGetter.swift in Sources */ = {isa = PBXBuildFile; fileRef = 4366F6A3203C63A600A06CC7 /* VKAPIErrorMessageGetter.swift */; };
		4366F6A6203C68BE00A06CC7 /* ErrorCodeGetter.swift in Sources */ = {isa = PBXBuildFile; fileRef = 4366F6A5203C68BE00A06CC7 /* ErrorCodeGetter.swift */; };
		4366F6A8203C68E600A06CC7 /* VKAPIErrorCodeGetter.swift in Sources */ = {isa = PBXBuildFile; fileRef = 4366F6A7203C68E600A06CC7 /* VKAPIErrorCodeGetter.swift */; };
		4366F6AA203C6D0D00A06CC7 /* BaseErrorCodeGetter.swift in Sources */ = {isa = PBXBuildFile; fileRef = 4366F6A9203C6D0D00A06CC7 /* BaseErrorCodeGetter.swift */; };
		CE1EDE6F203B622E00E58426 /* AppDelegate.swift in Sources */ = {isa = PBXBuildFile; fileRef = CE1EDE6E203B622E00E58426 /* AppDelegate.swift */; };
		CE1EDE71203B622E00E58426 /* ViewController.swift in Sources */ = {isa = PBXBuildFile; fileRef = CE1EDE70203B622E00E58426 /* ViewController.swift */; };
		CE1EDE74203B622E00E58426 /* Main.storyboard in Resources */ = {isa = PBXBuildFile; fileRef = CE1EDE72203B622E00E58426 /* Main.storyboard */; };
		CE1EDE76203B622E00E58426 /* Assets.xcassets in Resources */ = {isa = PBXBuildFile; fileRef = CE1EDE75203B622E00E58426 /* Assets.xcassets */; };
		CE1EDE79203B622E00E58426 /* LaunchScreen.storyboard in Resources */ = {isa = PBXBuildFile; fileRef = CE1EDE77203B622E00E58426 /* LaunchScreen.storyboard */; };
		CE1EDE82203B626100E58426 /* RequestRepresentable.swift in Sources */ = {isa = PBXBuildFile; fileRef = CE1EDE81203B626100E58426 /* RequestRepresentable.swift */; };
		CE1EDE84203B62A500E58426 /* ErrorRepresentable.swift in Sources */ = {isa = PBXBuildFile; fileRef = CE1EDE83203B62A500E58426 /* ErrorRepresentable.swift */; };
		CE1EDE86203B62CF00E58426 /* ResponseRepresentable.swift in Sources */ = {isa = PBXBuildFile; fileRef = CE1EDE85203B62CF00E58426 /* ResponseRepresentable.swift */; };
		CE1EDE88203B62FB00E58426 /* RequestSender.swift in Sources */ = {isa = PBXBuildFile; fileRef = CE1EDE87203B62FB00E58426 /* RequestSender.swift */; };
		CE1EDE8A203B635300E58426 /* ResponseHandler.swift in Sources */ = {isa = PBXBuildFile; fileRef = CE1EDE89203B635300E58426 /* ResponseHandler.swift */; };
		CE1EDE8C203B640B00E58426 /* Service.swift in Sources */ = {isa = PBXBuildFile; fileRef = CE1EDE8B203B640B00E58426 /* Service.swift */; };
		CE1EDE8E203B649300E58426 /* ErrorHandler.swift in Sources */ = {isa = PBXBuildFile; fileRef = CE1EDE8D203B649300E58426 /* ErrorHandler.swift */; };
		CE1EDE90203B64D100E58426 /* BaseService.swift in Sources */ = {isa = PBXBuildFile; fileRef = CE1EDE8F203B64D100E58426 /* BaseService.swift */; };
		CE1EDE92203B69A700E58426 /* BaseResponse.swift in Sources */ = {isa = PBXBuildFile; fileRef = CE1EDE91203B69A700E58426 /* BaseResponse.swift */; };
		CE1EDE94203B69FC00E58426 /* HTTPResponseHandler.swift in Sources */ = {isa = PBXBuildFile; fileRef = CE1EDE93203B69FC00E58426 /* HTTPResponseHandler.swift */; };
		CE1EDE96203B6C6B00E58426 /* BaseRequest.swift in Sources */ = {isa = PBXBuildFile; fileRef = CE1EDE95203B6C6B00E58426 /* BaseRequest.swift */; };
		CE1EDE98203B6E0B00E58426 /* BaseError.swift in Sources */ = {isa = PBXBuildFile; fileRef = CE1EDE97203B6E0B00E58426 /* BaseError.swift */; };
/* End PBXBuildFile section */

/* Begin PBXFileReference section */
		4366F685203C15D200A06CC7 /* Serializer.swift */ = {isa = PBXFileReference; lastKnownFileType = sourcecode.swift; path = Serializer.swift; sourceTree = "<group>"; };
		4366F688203C161E00A06CC7 /* JSONSerializer.swift */ = {isa = PBXFileReference; lastKnownFileType = sourcecode.swift; path = JSONSerializer.swift; sourceTree = "<group>"; };
		4366F68A203C166700A06CC7 /* StringSerializer.swift */ = {isa = PBXFileReference; lastKnownFileType = sourcecode.swift; path = StringSerializer.swift; sourceTree = "<group>"; };
		4366F692203C560200A06CC7 /* ErrorCodeHandler.swift */ = {isa = PBXFileReference; lastKnownFileType = sourcecode.swift; path = ErrorCodeHandler.swift; sourceTree = "<group>"; };
		4366F694203C562200A06CC7 /* BaseErrorHandler.swift */ = {isa = PBXFileReference; lastKnownFileType = sourcecode.swift; path = BaseErrorHandler.swift; sourceTree = "<group>"; };
		4366F696203C565600A06CC7 /* BaseErrorCodeHandler.swift */ = {isa = PBXFileReference; lastKnownFileType = sourcecode.swift; path = BaseErrorCodeHandler.swift; sourceTree = "<group>"; };
		4366F698203C595F00A06CC7 /* ErrorMessageGetter.swift */ = {isa = PBXFileReference; lastKnownFileType = sourcecode.swift; path = ErrorMessageGetter.swift; sourceTree = "<group>"; };
		4366F69A203C599200A06CC7 /* BaseErrorMessageGetter.swift */ = {isa = PBXFileReference; lastKnownFileType = sourcecode.swift; path = BaseErrorMessageGetter.swift; sourceTree = "<group>"; };
		4366F69C203C603900A06CC7 /* SuccessResponseChecker.swift */ = {isa = PBXFileReference; lastKnownFileType = sourcecode.swift; path = SuccessResponseChecker.swift; sourceTree = "<group>"; };
		4366F69E203C607900A06CC7 /* BaseSuccessResponseChecker.swift */ = {isa = PBXFileReference; lastKnownFileType = sourcecode.swift; path = BaseSuccessResponseChecker.swift; sourceTree = "<group>"; };
		4366F6A1203C629000A06CC7 /* VKAPISuccesChecker.swift */ = {isa = PBXFileReference; lastKnownFileType = sourcecode.swift; path = VKAPISuccesChecker.swift; sourceTree = "<group>"; };
		4366F6A3203C63A600A06CC7 /* VKAPIErrorMessageGetter.swift */ = {isa = PBXFileReference; lastKnownFileType = sourcecode.swift; path = VKAPIErrorMessageGetter.swift; sourceTree = "<group>"; };
		4366F6A5203C68BE00A06CC7 /* ErrorCodeGetter.swift */ = {isa = PBXFileReference; lastKnownFileType = sourcecode.swift; path = ErrorCodeGetter.swift; sourceTree = "<group>"; };
		4366F6A7203C68E600A06CC7 /* VKAPIErrorCodeGetter.swift */ = {isa = PBXFileReference; lastKnownFileType = sourcecode.swift; path = VKAPIErrorCodeGetter.swift; sourceTree = "<group>"; };
		4366F6A9203C6D0D00A06CC7 /* BaseErrorCodeGetter.swift */ = {isa = PBXFileReference; lastKnownFileType = sourcecode.swift; path = BaseErrorCodeGetter.swift; sourceTree = "<group>"; };
		CE1EDE6B203B622E00E58426 /* FlexibleNetworkLayer.app */ = {isa = PBXFileReference; explicitFileType = wrapper.application; includeInIndex = 0; path = FlexibleNetworkLayer.app; sourceTree = BUILT_PRODUCTS_DIR; };
		CE1EDE6E203B622E00E58426 /* AppDelegate.swift */ = {isa = PBXFileReference; lastKnownFileType = sourcecode.swift; path = AppDelegate.swift; sourceTree = "<group>"; };
		CE1EDE70203B622E00E58426 /* ViewController.swift */ = {isa = PBXFileReference; lastKnownFileType = sourcecode.swift; path = ViewController.swift; sourceTree = "<group>"; };
		CE1EDE73203B622E00E58426 /* Base */ = {isa = PBXFileReference; lastKnownFileType = file.storyboard; name = Base; path = Base.lproj/Main.storyboard; sourceTree = "<group>"; };
		CE1EDE75203B622E00E58426 /* Assets.xcassets */ = {isa = PBXFileReference; lastKnownFileType = folder.assetcatalog; path = Assets.xcassets; sourceTree = "<group>"; };
		CE1EDE78203B622E00E58426 /* Base */ = {isa = PBXFileReference; lastKnownFileType = file.storyboard; name = Base; path = Base.lproj/LaunchScreen.storyboard; sourceTree = "<group>"; };
		CE1EDE7A203B622E00E58426 /* Info.plist */ = {isa = PBXFileReference; lastKnownFileType = text.plist.xml; path = Info.plist; sourceTree = "<group>"; };
		CE1EDE81203B626100E58426 /* RequestRepresentable.swift */ = {isa = PBXFileReference; lastKnownFileType = sourcecode.swift; path = RequestRepresentable.swift; sourceTree = "<group>"; };
		CE1EDE83203B62A500E58426 /* ErrorRepresentable.swift */ = {isa = PBXFileReference; lastKnownFileType = sourcecode.swift; path = ErrorRepresentable.swift; sourceTree = "<group>"; };
		CE1EDE85203B62CF00E58426 /* ResponseRepresentable.swift */ = {isa = PBXFileReference; lastKnownFileType = sourcecode.swift; path = ResponseRepresentable.swift; sourceTree = "<group>"; };
		CE1EDE87203B62FB00E58426 /* RequestSender.swift */ = {isa = PBXFileReference; lastKnownFileType = sourcecode.swift; path = RequestSender.swift; sourceTree = "<group>"; };
		CE1EDE89203B635300E58426 /* ResponseHandler.swift */ = {isa = PBXFileReference; lastKnownFileType = sourcecode.swift; path = ResponseHandler.swift; sourceTree = "<group>"; };
		CE1EDE8B203B640B00E58426 /* Service.swift */ = {isa = PBXFileReference; lastKnownFileType = sourcecode.swift; path = Service.swift; sourceTree = "<group>"; };
		CE1EDE8D203B649300E58426 /* ErrorHandler.swift */ = {isa = PBXFileReference; lastKnownFileType = sourcecode.swift; path = ErrorHandler.swift; sourceTree = "<group>"; };
		CE1EDE8F203B64D100E58426 /* BaseService.swift */ = {isa = PBXFileReference; lastKnownFileType = sourcecode.swift; path = BaseService.swift; sourceTree = "<group>"; };
		CE1EDE91203B69A700E58426 /* BaseResponse.swift */ = {isa = PBXFileReference; lastKnownFileType = sourcecode.swift; path = BaseResponse.swift; sourceTree = "<group>"; };
		CE1EDE93203B69FC00E58426 /* HTTPResponseHandler.swift */ = {isa = PBXFileReference; lastKnownFileType = sourcecode.swift; path = HTTPResponseHandler.swift; sourceTree = "<group>"; };
		CE1EDE95203B6C6B00E58426 /* BaseRequest.swift */ = {isa = PBXFileReference; lastKnownFileType = sourcecode.swift; path = BaseRequest.swift; sourceTree = "<group>"; };
		CE1EDE97203B6E0B00E58426 /* BaseError.swift */ = {isa = PBXFileReference; lastKnownFileType = sourcecode.swift; path = BaseError.swift; sourceTree = "<group>"; };
/* End PBXFileReference section */

/* Begin PBXFrameworksBuildPhase section */
		CE1EDE68203B622E00E58426 /* Frameworks */ = {
			isa = PBXFrameworksBuildPhase;
			buildActionMask = 2147483647;
			files = (
			);
			runOnlyForDeploymentPostprocessing = 0;
		};
/* End PBXFrameworksBuildPhase section */

/* Begin PBXGroup section */
		4366F687203C160D00A06CC7 /* Serializers */ = {
			isa = PBXGroup;
			children = (
				4366F685203C15D200A06CC7 /* Serializer.swift */,
				4366F688203C161E00A06CC7 /* JSONSerializer.swift */,
				4366F68A203C166700A06CC7 /* StringSerializer.swift */,
			);
			path = Serializers;
			sourceTree = "<group>";
		};
		4366F68E203C1C6F00A06CC7 /* ResponseHandlers */ = {
			isa = PBXGroup;
			children = (
				CE1EDE89203B635300E58426 /* ResponseHandler.swift */,
				CE1EDE93203B69FC00E58426 /* HTTPResponseHandler.swift */,
			);
			path = ResponseHandlers;
			sourceTree = "<group>";
		};
		4366F691203C55F100A06CC7 /* ErrorHandlers */ = {
			isa = PBXGroup;
			children = (
				CE1EDE8D203B649300E58426 /* ErrorHandler.swift */,
				4366F692203C560200A06CC7 /* ErrorCodeHandler.swift */,
				4366F694203C562200A06CC7 /* BaseErrorHandler.swift */,
				4366F696203C565600A06CC7 /* BaseErrorCodeHandler.swift */,
				4366F698203C595F00A06CC7 /* ErrorMessageGetter.swift */,
				4366F69A203C599200A06CC7 /* BaseErrorMessageGetter.swift */,
				4366F6A3203C63A600A06CC7 /* VKAPIErrorMessageGetter.swift */,
				4366F6A5203C68BE00A06CC7 /* ErrorCodeGetter.swift */,
				4366F6A7203C68E600A06CC7 /* VKAPIErrorCodeGetter.swift */,
				4366F6A9203C6D0D00A06CC7 /* BaseErrorCodeGetter.swift */,
			);
			path = ErrorHandlers;
			sourceTree = "<group>";
		};
		4366F6A0203C621B00A06CC7 /* SuccesCheckers */ = {
			isa = PBXGroup;
			children = (
				4366F69C203C603900A06CC7 /* SuccessResponseChecker.swift */,
				4366F69E203C607900A06CC7 /* BaseSuccessResponseChecker.swift */,
				4366F6A1203C629000A06CC7 /* VKAPISuccesChecker.swift */,
			);
			path = SuccesCheckers;
			sourceTree = "<group>";
		};
		CE1EDE62203B622E00E58426 = {
			isa = PBXGroup;
			children = (
				CE1EDE6D203B622E00E58426 /* FlexibleNetworkLayer */,
				CE1EDE6C203B622E00E58426 /* Products */,
			);
			sourceTree = "<group>";
		};
		CE1EDE6C203B622E00E58426 /* Products */ = {
			isa = PBXGroup;
			children = (
				CE1EDE6B203B622E00E58426 /* FlexibleNetworkLayer.app */,
			);
			name = Products;
			sourceTree = "<group>";
		};
		CE1EDE6D203B622E00E58426 /* FlexibleNetworkLayer */ = {
			isa = PBXGroup;
			children = (
				CE1EDE80203B623800E58426 /* NetworkLayer */,
				CE1EDE6E203B622E00E58426 /* AppDelegate.swift */,
				CE1EDE70203B622E00E58426 /* ViewController.swift */,
				CE1EDE72203B622E00E58426 /* Main.storyboard */,
				CE1EDE75203B622E00E58426 /* Assets.xcassets */,
				CE1EDE77203B622E00E58426 /* LaunchScreen.storyboard */,
				CE1EDE7A203B622E00E58426 /* Info.plist */,
			);
			path = FlexibleNetworkLayer;
			sourceTree = "<group>";
		};
		CE1EDE80203B623800E58426 /* NetworkLayer */ = {
			isa = PBXGroup;
			children = (
				4366F6A0203C621B00A06CC7 /* SuccesCheckers */,
				4366F691203C55F100A06CC7 /* ErrorHandlers */,
				4366F68E203C1C6F00A06CC7 /* ResponseHandlers */,
				4366F687203C160D00A06CC7 /* Serializers */,
				CE1EDE81203B626100E58426 /* RequestRepresentable.swift */,
				CE1EDE83203B62A500E58426 /* ErrorRepresentable.swift */,
				CE1EDE85203B62CF00E58426 /* ResponseRepresentable.swift */,
				CE1EDE87203B62FB00E58426 /* RequestSender.swift */,
				CE1EDE8B203B640B00E58426 /* Service.swift */,
				CE1EDE8F203B64D100E58426 /* BaseService.swift */,
				CE1EDE91203B69A700E58426 /* BaseResponse.swift */,
				CE1EDE95203B6C6B00E58426 /* BaseRequest.swift */,
				CE1EDE97203B6E0B00E58426 /* BaseError.swift */,
			);
			path = NetworkLayer;
			sourceTree = "<group>";
		};
/* End PBXGroup section */

/* Begin PBXNativeTarget section */
		CE1EDE6A203B622E00E58426 /* FlexibleNetworkLayer */ = {
			isa = PBXNativeTarget;
			buildConfigurationList = CE1EDE7D203B622E00E58426 /* Build configuration list for PBXNativeTarget "FlexibleNetworkLayer" */;
			buildPhases = (
				CE1EDE67203B622E00E58426 /* Sources */,
				CE1EDE68203B622E00E58426 /* Frameworks */,
				CE1EDE69203B622E00E58426 /* Resources */,
			);
			buildRules = (
			);
			dependencies = (
			);
			name = FlexibleNetworkLayer;
			productName = FlexibleNetworkLayer;
			productReference = CE1EDE6B203B622E00E58426 /* FlexibleNetworkLayer.app */;
			productType = "com.apple.product-type.application";
		};
/* End PBXNativeTarget section */

/* Begin PBXProject section */
		CE1EDE63203B622E00E58426 /* Project object */ = {
			isa = PBXProject;
			attributes = {
				LastSwiftUpdateCheck = 0910;
				LastUpgradeCheck = 0910;
				ORGANIZATIONNAME = IA;
				TargetAttributes = {
					CE1EDE6A203B622E00E58426 = {
						CreatedOnToolsVersion = 9.1;
						ProvisioningStyle = Automatic;
					};
				};
			};
			buildConfigurationList = CE1EDE66203B622E00E58426 /* Build configuration list for PBXProject "FlexibleNetworkLayer" */;
			compatibilityVersion = "Xcode 8.0";
			developmentRegion = en;
			hasScannedForEncodings = 0;
			knownRegions = (
				en,
				Base,
			);
			mainGroup = CE1EDE62203B622E00E58426;
			productRefGroup = CE1EDE6C203B622E00E58426 /* Products */;
			projectDirPath = "";
			projectRoot = "";
			targets = (
				CE1EDE6A203B622E00E58426 /* FlexibleNetworkLayer */,
			);
		};
/* End PBXProject section */

/* Begin PBXResourcesBuildPhase section */
		CE1EDE69203B622E00E58426 /* Resources */ = {
			isa = PBXResourcesBuildPhase;
			buildActionMask = 2147483647;
			files = (
				CE1EDE79203B622E00E58426 /* LaunchScreen.storyboard in Resources */,
				CE1EDE76203B622E00E58426 /* Assets.xcassets in Resources */,
				CE1EDE74203B622E00E58426 /* Main.storyboard in Resources */,
			);
			runOnlyForDeploymentPostprocessing = 0;
		};
/* End PBXResourcesBuildPhase section */

/* Begin PBXSourcesBuildPhase section */
		CE1EDE67203B622E00E58426 /* Sources */ = {
			isa = PBXSourcesBuildPhase;
			buildActionMask = 2147483647;
			files = (
				4366F69B203C599200A06CC7 /* BaseErrorMessageGetter.swift in Sources */,
				4366F6A2203C629000A06CC7 /* VKAPISuccesChecker.swift in Sources */,
				4366F693203C560200A06CC7 /* ErrorCodeHandler.swift in Sources */,
				CE1EDE71203B622E00E58426 /* ViewController.swift in Sources */,
				CE1EDE8C203B640B00E58426 /* Service.swift in Sources */,
				CE1EDE84203B62A500E58426 /* ErrorRepresentable.swift in Sources */,
				4366F689203C161E00A06CC7 /* JSONSerializer.swift in Sources */,
				4366F69F203C607900A06CC7 /* BaseSuccessResponseChecker.swift in Sources */,
				CE1EDE88203B62FB00E58426 /* RequestSender.swift in Sources */,
				4366F69D203C603900A06CC7 /* SuccessResponseChecker.swift in Sources */,
				4366F699203C595F00A06CC7 /* ErrorMessageGetter.swift in Sources */,
				4366F695203C562200A06CC7 /* BaseErrorHandler.swift in Sources */,
				4366F697203C565600A06CC7 /* BaseErrorCodeHandler.swift in Sources */,
				4366F686203C15D200A06CC7 /* Serializer.swift in Sources */,
				CE1EDE94203B69FC00E58426 /* HTTPResponseHandler.swift in Sources */,
				CE1EDE86203B62CF00E58426 /* ResponseRepresentable.swift in Sources */,
				4366F6A6203C68BE00A06CC7 /* ErrorCodeGetter.swift in Sources */,
				CE1EDE6F203B622E00E58426 /* AppDelegate.swift in Sources */,
				4366F68B203C166700A06CC7 /* StringSerializer.swift in Sources */,
				CE1EDE8E203B649300E58426 /* ErrorHandler.swift in Sources */,
				4366F6A8203C68E600A06CC7 /* VKAPIErrorCodeGetter.swift in Sources */,
				4366F6AA203C6D0D00A06CC7 /* BaseErrorCodeGetter.swift in Sources */,
				CE1EDE82203B626100E58426 /* RequestRepresentable.swift in Sources */,
				CE1EDE90203B64D100E58426 /* BaseService.swift in Sources */,
				CE1EDE92203B69A700E58426 /* BaseResponse.swift in Sources */,
				CE1EDE96203B6C6B00E58426 /* BaseRequest.swift in Sources */,
				CE1EDE8A203B635300E58426 /* ResponseHandler.swift in Sources */,
				CE1EDE98203B6E0B00E58426 /* BaseError.swift in Sources */,
				4366F6A4203C63A600A06CC7 /* VKAPIErrorMessageGetter.swift in Sources */,
			);
			runOnlyForDeploymentPostprocessing = 0;
		};
/* End PBXSourcesBuildPhase section */

/* Begin PBXVariantGroup section */
		CE1EDE72203B622E00E58426 /* Main.storyboard */ = {
			isa = PBXVariantGroup;
			children = (
				CE1EDE73203B622E00E58426 /* Base */,
			);
			name = Main.storyboard;
			sourceTree = "<group>";
		};
		CE1EDE77203B622E00E58426 /* LaunchScreen.storyboard */ = {
			isa = PBXVariantGroup;
			children = (
				CE1EDE78203B622E00E58426 /* Base */,
			);
			name = LaunchScreen.storyboard;
			sourceTree = "<group>";
		};
/* End PBXVariantGroup section */

/* Begin XCBuildConfiguration section */
		CE1EDE7B203B622E00E58426 /* Debug */ = {
			isa = XCBuildConfiguration;
			buildSettings = {
				ALWAYS_SEARCH_USER_PATHS = NO;
				CLANG_ANALYZER_NONNULL = YES;
				CLANG_ANALYZER_NUMBER_OBJECT_CONVERSION = YES_AGGRESSIVE;
				CLANG_CXX_LANGUAGE_STANDARD = "gnu++14";
				CLANG_CXX_LIBRARY = "libc++";
				CLANG_ENABLE_MODULES = YES;
				CLANG_ENABLE_OBJC_ARC = YES;
				CLANG_WARN_BLOCK_CAPTURE_AUTORELEASING = YES;
				CLANG_WARN_BOOL_CONVERSION = YES;
				CLANG_WARN_COMMA = YES;
				CLANG_WARN_CONSTANT_CONVERSION = YES;
				CLANG_WARN_DIRECT_OBJC_ISA_USAGE = YES_ERROR;
				CLANG_WARN_DOCUMENTATION_COMMENTS = YES;
				CLANG_WARN_EMPTY_BODY = YES;
				CLANG_WARN_ENUM_CONVERSION = YES;
				CLANG_WARN_INFINITE_RECURSION = YES;
				CLANG_WARN_INT_CONVERSION = YES;
				CLANG_WARN_NON_LITERAL_NULL_CONVERSION = YES;
				CLANG_WARN_OBJC_LITERAL_CONVERSION = YES;
				CLANG_WARN_OBJC_ROOT_CLASS = YES_ERROR;
				CLANG_WARN_RANGE_LOOP_ANALYSIS = YES;
				CLANG_WARN_STRICT_PROTOTYPES = YES;
				CLANG_WARN_SUSPICIOUS_MOVE = YES;
				CLANG_WARN_UNGUARDED_AVAILABILITY = YES_AGGRESSIVE;
				CLANG_WARN_UNREACHABLE_CODE = YES;
				CLANG_WARN__DUPLICATE_METHOD_MATCH = YES;
				CODE_SIGN_IDENTITY = "iPhone Developer";
				COPY_PHASE_STRIP = NO;
				DEBUG_INFORMATION_FORMAT = dwarf;
				ENABLE_STRICT_OBJC_MSGSEND = YES;
				ENABLE_TESTABILITY = YES;
				GCC_C_LANGUAGE_STANDARD = gnu11;
				GCC_DYNAMIC_NO_PIC = NO;
				GCC_NO_COMMON_BLOCKS = YES;
				GCC_OPTIMIZATION_LEVEL = 0;
				GCC_PREPROCESSOR_DEFINITIONS = (
					"DEBUG=1",
					"$(inherited)",
				);
				GCC_WARN_64_TO_32_BIT_CONVERSION = YES;
				GCC_WARN_ABOUT_RETURN_TYPE = YES_ERROR;
				GCC_WARN_UNDECLARED_SELECTOR = YES;
				GCC_WARN_UNINITIALIZED_AUTOS = YES_AGGRESSIVE;
				GCC_WARN_UNUSED_FUNCTION = YES;
				GCC_WARN_UNUSED_VARIABLE = YES;
				IPHONEOS_DEPLOYMENT_TARGET = 11.1;
				MTL_ENABLE_DEBUG_INFO = YES;
				ONLY_ACTIVE_ARCH = YES;
				SDKROOT = iphoneos;
				SWIFT_ACTIVE_COMPILATION_CONDITIONS = DEBUG;
				SWIFT_OPTIMIZATION_LEVEL = "-Onone";
			};
			name = Debug;
		};
		CE1EDE7C203B622E00E58426 /* Release */ = {
			isa = XCBuildConfiguration;
			buildSettings = {
				ALWAYS_SEARCH_USER_PATHS = NO;
				CLANG_ANALYZER_NONNULL = YES;
				CLANG_ANALYZER_NUMBER_OBJECT_CONVERSION = YES_AGGRESSIVE;
				CLANG_CXX_LANGUAGE_STANDARD = "gnu++14";
				CLANG_CXX_LIBRARY = "libc++";
				CLANG_ENABLE_MODULES = YES;
				CLANG_ENABLE_OBJC_ARC = YES;
				CLANG_WARN_BLOCK_CAPTURE_AUTORELEASING = YES;
				CLANG_WARN_BOOL_CONVERSION = YES;
				CLANG_WARN_COMMA = YES;
				CLANG_WARN_CONSTANT_CONVERSION = YES;
				CLANG_WARN_DIRECT_OBJC_ISA_USAGE = YES_ERROR;
				CLANG_WARN_DOCUMENTATION_COMMENTS = YES;
				CLANG_WARN_EMPTY_BODY = YES;
				CLANG_WARN_ENUM_CONVERSION = YES;
				CLANG_WARN_INFINITE_RECURSION = YES;
				CLANG_WARN_INT_CONVERSION = YES;
				CLANG_WARN_NON_LITERAL_NULL_CONVERSION = YES;
				CLANG_WARN_OBJC_LITERAL_CONVERSION = YES;
				CLANG_WARN_OBJC_ROOT_CLASS = YES_ERROR;
				CLANG_WARN_RANGE_LOOP_ANALYSIS = YES;
				CLANG_WARN_STRICT_PROTOTYPES = YES;
				CLANG_WARN_SUSPICIOUS_MOVE = YES;
				CLANG_WARN_UNGUARDED_AVAILABILITY = YES_AGGRESSIVE;
				CLANG_WARN_UNREACHABLE_CODE = YES;
				CLANG_WARN__DUPLICATE_METHOD_MATCH = YES;
				CODE_SIGN_IDENTITY = "iPhone Developer";
				COPY_PHASE_STRIP = NO;
				DEBUG_INFORMATION_FORMAT = "dwarf-with-dsym";
				ENABLE_NS_ASSERTIONS = NO;
				ENABLE_STRICT_OBJC_MSGSEND = YES;
				GCC_C_LANGUAGE_STANDARD = gnu11;
				GCC_NO_COMMON_BLOCKS = YES;
				GCC_WARN_64_TO_32_BIT_CONVERSION = YES;
				GCC_WARN_ABOUT_RETURN_TYPE = YES_ERROR;
				GCC_WARN_UNDECLARED_SELECTOR = YES;
				GCC_WARN_UNINITIALIZED_AUTOS = YES_AGGRESSIVE;
				GCC_WARN_UNUSED_FUNCTION = YES;
				GCC_WARN_UNUSED_VARIABLE = YES;
				IPHONEOS_DEPLOYMENT_TARGET = 11.1;
				MTL_ENABLE_DEBUG_INFO = NO;
				SDKROOT = iphoneos;
				SWIFT_OPTIMIZATION_LEVEL = "-Owholemodule";
				VALIDATE_PRODUCT = YES;
			};
			name = Release;
		};
		CE1EDE7E203B622E00E58426 /* Debug */ = {
			isa = XCBuildConfiguration;
			buildSettings = {
				ASSETCATALOG_COMPILER_APPICON_NAME = AppIcon;
				CODE_SIGN_STYLE = Automatic;
				DEVELOPMENT_TEAM = 8WY4UX44X6;
				INFOPLIST_FILE = FlexibleNetworkLayer/Info.plist;
				LD_RUNPATH_SEARCH_PATHS = "$(inherited) @executable_path/Frameworks";
				PRODUCT_BUNDLE_IDENTIFIER = com.ialiev.FlexibleNetworkLayer;
				PRODUCT_NAME = "$(TARGET_NAME)";
				SWIFT_VERSION = 4.0;
				TARGETED_DEVICE_FAMILY = "1,2";
			};
			name = Debug;
		};
		CE1EDE7F203B622E00E58426 /* Release */ = {
			isa = XCBuildConfiguration;
			buildSettings = {
				ASSETCATALOG_COMPILER_APPICON_NAME = AppIcon;
				CODE_SIGN_STYLE = Automatic;
				DEVELOPMENT_TEAM = 8WY4UX44X6;
				INFOPLIST_FILE = FlexibleNetworkLayer/Info.plist;
				LD_RUNPATH_SEARCH_PATHS = "$(inherited) @executable_path/Frameworks";
				PRODUCT_BUNDLE_IDENTIFIER = com.ialiev.FlexibleNetworkLayer;
				PRODUCT_NAME = "$(TARGET_NAME)";
				SWIFT_VERSION = 4.0;
				TARGETED_DEVICE_FAMILY = "1,2";
			};
			name = Release;
		};
/* End XCBuildConfiguration section */

/* Begin XCConfigurationList section */
		CE1EDE66203B622E00E58426 /* Build configuration list for PBXProject "FlexibleNetworkLayer" */ = {
			isa = XCConfigurationList;
			buildConfigurations = (
				CE1EDE7B203B622E00E58426 /* Debug */,
				CE1EDE7C203B622E00E58426 /* Release */,
			);
			defaultConfigurationIsVisible = 0;
			defaultConfigurationName = Release;
		};
		CE1EDE7D203B622E00E58426 /* Build configuration list for PBXNativeTarget "FlexibleNetworkLayer" */ = {
			isa = XCConfigurationList;
			buildConfigurations = (
				CE1EDE7E203B622E00E58426 /* Debug */,
				CE1EDE7F203B622E00E58426 /* Release */,
			);
			defaultConfigurationIsVisible = 0;
			defaultConfigurationName = Release;
		};
/* End XCConfigurationList section */
	};
	rootObject = CE1EDE63203B622E00E58426 /* Project object */;
}
