// !$*UTF8*$!
{
	archiveVersion = 1;
	classes = {
	};
	objectVersion = 48;
	objects = {

/* Begin PBXBuildFile section */
		432055E9203DAC2D00ECBA0D /* RequestPreparator.swift in Sources */ = {isa = PBXBuildFile; fileRef = 432055E8203DAC2D00ECBA0D /* RequestPreparator.swift */; };
		432055EB203DAC5300ECBA0D /* BaseRequestPreparator.swift in Sources */ = {isa = PBXBuildFile; fileRef = 432055EA203DAC5300ECBA0D /* BaseRequestPreparator.swift */; };
		432055F0203DD41800ECBA0D /* HTTPGetRequest.swift in Sources */ = {isa = PBXBuildFile; fileRef = 432055EF203DD41800ECBA0D /* HTTPGetRequest.swift */; };
		4366F686203C15D200A06CC7 /* Serializer.swift in Sources */ = {isa = PBXBuildFile; fileRef = 4366F685203C15D200A06CC7 /* Serializer.swift */; };
		4366F689203C161E00A06CC7 /* JSONSerializer.swift in Sources */ = {isa = PBXBuildFile; fileRef = 4366F688203C161E00A06CC7 /* JSONSerializer.swift */; };
		4366F693203C560200A06CC7 /* ErrorTypeHandler.swift in Sources */ = {isa = PBXBuildFile; fileRef = 4366F692203C560200A06CC7 /* ErrorTypeHandler.swift */; };
		4366F695203C562200A06CC7 /* BaseErrorHandler.swift in Sources */ = {isa = PBXBuildFile; fileRef = 4366F694203C562200A06CC7 /* BaseErrorHandler.swift */; };
		4366F697203C565600A06CC7 /* BaseErrorTypeHandler.swift in Sources */ = {isa = PBXBuildFile; fileRef = 4366F696203C565600A06CC7 /* BaseErrorTypeHandler.swift */; };
		4366F69D203C603900A06CC7 /* SuccessResponseChecker.swift in Sources */ = {isa = PBXBuildFile; fileRef = 4366F69C203C603900A06CC7 /* SuccessResponseChecker.swift */; };
		4366F69F203C607900A06CC7 /* BaseSuccessResponseChecker.swift in Sources */ = {isa = PBXBuildFile; fileRef = 4366F69E203C607900A06CC7 /* BaseSuccessResponseChecker.swift */; };
		4366F6A2203C629000A06CC7 /* VKAPISuccesChecker.swift in Sources */ = {isa = PBXBuildFile; fileRef = 4366F6A1203C629000A06CC7 /* VKAPISuccesChecker.swift */; };
		CE1EDE6F203B622E00E58426 /* AppDelegate.swift in Sources */ = {isa = PBXBuildFile; fileRef = CE1EDE6E203B622E00E58426 /* AppDelegate.swift */; };
		CE1EDE71203B622E00E58426 /* ViewController.swift in Sources */ = {isa = PBXBuildFile; fileRef = CE1EDE70203B622E00E58426 /* ViewController.swift */; };
		CE1EDE74203B622E00E58426 /* Main.storyboard in Resources */ = {isa = PBXBuildFile; fileRef = CE1EDE72203B622E00E58426 /* Main.storyboard */; };
		CE1EDE76203B622E00E58426 /* Assets.xcassets in Resources */ = {isa = PBXBuildFile; fileRef = CE1EDE75203B622E00E58426 /* Assets.xcassets */; };
		CE1EDE79203B622E00E58426 /* LaunchScreen.storyboard in Resources */ = {isa = PBXBuildFile; fileRef = CE1EDE77203B622E00E58426 /* LaunchScreen.storyboard */; };
		CE1EDE82203B626100E58426 /* HTTPRequestRepresentable.swift in Sources */ = {isa = PBXBuildFile; fileRef = CE1EDE81203B626100E58426 /* HTTPRequestRepresentable.swift */; };
		CE1EDE84203B62A500E58426 /* ErrorRepresentable.swift in Sources */ = {isa = PBXBuildFile; fileRef = CE1EDE83203B62A500E58426 /* ErrorRepresentable.swift */; };
		CE1EDE86203B62CF00E58426 /* ResponseRepresentable.swift in Sources */ = {isa = PBXBuildFile; fileRef = CE1EDE85203B62CF00E58426 /* ResponseRepresentable.swift */; };
		CE1EDE8A203B635300E58426 /* ResponseHandler.swift in Sources */ = {isa = PBXBuildFile; fileRef = CE1EDE89203B635300E58426 /* ResponseHandler.swift */; };
		CE1EDE8C203B640B00E58426 /* Service.swift in Sources */ = {isa = PBXBuildFile; fileRef = CE1EDE8B203B640B00E58426 /* Service.swift */; };
		CE1EDE8E203B649300E58426 /* ErrorHandler.swift in Sources */ = {isa = PBXBuildFile; fileRef = CE1EDE8D203B649300E58426 /* ErrorHandler.swift */; };
		CE1EDE90203B64D100E58426 /* BaseService.swift in Sources */ = {isa = PBXBuildFile; fileRef = CE1EDE8F203B64D100E58426 /* BaseService.swift */; };
		CE1EDE92203B69A700E58426 /* BaseResponse.swift in Sources */ = {isa = PBXBuildFile; fileRef = CE1EDE91203B69A700E58426 /* BaseResponse.swift */; };
		CE1EDE94203B69FC00E58426 /* HTTPResponseHandler.swift in Sources */ = {isa = PBXBuildFile; fileRef = CE1EDE93203B69FC00E58426 /* HTTPResponseHandler.swift */; };
		CE1EDE96203B6C6B00E58426 /* UsersRouter.swift in Sources */ = {isa = PBXBuildFile; fileRef = CE1EDE95203B6C6B00E58426 /* UsersRouter.swift */; };
		CE1EDE98203B6E0B00E58426 /* BaseError.swift in Sources */ = {isa = PBXBuildFile; fileRef = CE1EDE97203B6E0B00E58426 /* BaseError.swift */; };
		CE35C8ED20432F1300AEC0D7 /* VKAPIError.swift in Sources */ = {isa = PBXBuildFile; fileRef = CE35C8EC20432F1300AEC0D7 /* VKAPIError.swift */; };
		CE35C8EF2043357200AEC0D7 /* ProcessingErrorType.swift in Sources */ = {isa = PBXBuildFile; fileRef = CE35C8EE2043357200AEC0D7 /* ProcessingErrorType.swift */; };
		CE542E90203CA948009B44A8 /* ModelDecodingProcessor.swift in Sources */ = {isa = PBXBuildFile; fileRef = CE542E8F203CA948009B44A8 /* ModelDecodingProcessor.swift */; };
		CE542E93203CAAB1009B44A8 /* User.swift in Sources */ = {isa = PBXBuildFile; fileRef = CE542E92203CAAB1009B44A8 /* User.swift */; };
		CE542E95203CB2B6009B44A8 /* UsersList.swift in Sources */ = {isa = PBXBuildFile; fileRef = CE542E94203CB2B6009B44A8 /* UsersList.swift */; };
		CE542E98203CB386009B44A8 /* DecodingProcessor.swift in Sources */ = {isa = PBXBuildFile; fileRef = CE542E97203CB386009B44A8 /* DecodingProcessor.swift */; };
		CE542E9B203CBC19009B44A8 /* WallRouter.swift in Sources */ = {isa = PBXBuildFile; fileRef = CE542E9A203CBC19009B44A8 /* WallRouter.swift */; };
		CE542E9D203CBCDE009B44A8 /* Wall.swift in Sources */ = {isa = PBXBuildFile; fileRef = CE542E9C203CBCDE009B44A8 /* Wall.swift */; };
		CE542E9F203CBCF2009B44A8 /* WallItem.swift in Sources */ = {isa = PBXBuildFile; fileRef = CE542E9E203CBCF2009B44A8 /* WallItem.swift */; };
		CE542EA4203F4CE4009B44A8 /* NestedModelGetter.swift in Sources */ = {isa = PBXBuildFile; fileRef = CE542EA3203F4CE4009B44A8 /* NestedModelGetter.swift */; };
		CE542EA7203F51E8009B44A8 /* ResponseModelGetter.swift in Sources */ = {isa = PBXBuildFile; fileRef = CE542EA6203F51E8009B44A8 /* ResponseModelGetter.swift */; };
		CEF80D2020400B02007751D2 /* StringDecodingProcessor.swift in Sources */ = {isa = PBXBuildFile; fileRef = CEF80D1F20400B02007751D2 /* StringDecodingProcessor.swift */; };
		CEF80D2220400B4C007751D2 /* IntDecodingProcessor.swift in Sources */ = {isa = PBXBuildFile; fileRef = CEF80D2120400B4C007751D2 /* IntDecodingProcessor.swift */; };
		CEF80D2B20403115007751D2 /* HTTPPOSTRequest.swift in Sources */ = {isa = PBXBuildFile; fileRef = CEF80D2A20403115007751D2 /* HTTPPOSTRequest.swift */; };
		CEF80D3120403266007751D2 /* WallGettable.swift in Sources */ = {isa = PBXBuildFile; fileRef = CEF80D3020403266007751D2 /* WallGettable.swift */; };
		CEF80D3320403323007751D2 /* BasicWallAPI.swift in Sources */ = {isa = PBXBuildFile; fileRef = CEF80D3220403323007751D2 /* BasicWallAPI.swift */; };
		CEF80D3720408D9F007751D2 /* APIBuilder.swift in Sources */ = {isa = PBXBuildFile; fileRef = CEF80D3620408D9F007751D2 /* APIBuilder.swift */; };
		CEF80D3920408E03007751D2 /* VKAPIBuilder.swift in Sources */ = {isa = PBXBuildFile; fileRef = CEF80D3820408E03007751D2 /* VKAPIBuilder.swift */; };
/* End PBXBuildFile section */

/* Begin PBXFileReference section */
		432055E8203DAC2D00ECBA0D /* RequestPreparator.swift */ = {isa = PBXFileReference; lastKnownFileType = sourcecode.swift; path = RequestPreparator.swift; sourceTree = "<group>"; };
		432055EA203DAC5300ECBA0D /* BaseRequestPreparator.swift */ = {isa = PBXFileReference; lastKnownFileType = sourcecode.swift; path = BaseRequestPreparator.swift; sourceTree = "<group>"; };
		432055EF203DD41800ECBA0D /* HTTPGetRequest.swift */ = {isa = PBXFileReference; lastKnownFileType = sourcecode.swift; path = HTTPGetRequest.swift; sourceTree = "<group>"; };
		4366F685203C15D200A06CC7 /* Serializer.swift */ = {isa = PBXFileReference; lastKnownFileType = sourcecode.swift; path = Serializer.swift; sourceTree = "<group>"; };
		4366F688203C161E00A06CC7 /* JSONSerializer.swift */ = {isa = PBXFileReference; lastKnownFileType = sourcecode.swift; path = JSONSerializer.swift; sourceTree = "<group>"; };
		4366F692203C560200A06CC7 /* ErrorTypeHandler.swift */ = {isa = PBXFileReference; lastKnownFileType = sourcecode.swift; path = ErrorTypeHandler.swift; sourceTree = "<group>"; };
		4366F694203C562200A06CC7 /* BaseErrorHandler.swift */ = {isa = PBXFileReference; lastKnownFileType = sourcecode.swift; path = BaseErrorHandler.swift; sourceTree = "<group>"; };
		4366F696203C565600A06CC7 /* BaseErrorTypeHandler.swift */ = {isa = PBXFileReference; lastKnownFileType = sourcecode.swift; path = BaseErrorTypeHandler.swift; sourceTree = "<group>"; };
		4366F69C203C603900A06CC7 /* SuccessResponseChecker.swift */ = {isa = PBXFileReference; lastKnownFileType = sourcecode.swift; path = SuccessResponseChecker.swift; sourceTree = "<group>"; };
		4366F69E203C607900A06CC7 /* BaseSuccessResponseChecker.swift */ = {isa = PBXFileReference; lastKnownFileType = sourcecode.swift; path = BaseSuccessResponseChecker.swift; sourceTree = "<group>"; };
		4366F6A1203C629000A06CC7 /* VKAPISuccesChecker.swift */ = {isa = PBXFileReference; lastKnownFileType = sourcecode.swift; path = VKAPISuccesChecker.swift; sourceTree = "<group>"; };
		CE1EDE6B203B622E00E58426 /* FlexibleNetworkLayer.app */ = {isa = PBXFileReference; explicitFileType = wrapper.application; includeInIndex = 0; path = FlexibleNetworkLayer.app; sourceTree = BUILT_PRODUCTS_DIR; };
		CE1EDE6E203B622E00E58426 /* AppDelegate.swift */ = {isa = PBXFileReference; lastKnownFileType = sourcecode.swift; path = AppDelegate.swift; sourceTree = "<group>"; };
		CE1EDE70203B622E00E58426 /* ViewController.swift */ = {isa = PBXFileReference; lastKnownFileType = sourcecode.swift; path = ViewController.swift; sourceTree = "<group>"; };
		CE1EDE73203B622E00E58426 /* Base */ = {isa = PBXFileReference; lastKnownFileType = file.storyboard; name = Base; path = Base.lproj/Main.storyboard; sourceTree = "<group>"; };
		CE1EDE75203B622E00E58426 /* Assets.xcassets */ = {isa = PBXFileReference; lastKnownFileType = folder.assetcatalog; path = Assets.xcassets; sourceTree = "<group>"; };
		CE1EDE78203B622E00E58426 /* Base */ = {isa = PBXFileReference; lastKnownFileType = file.storyboard; name = Base; path = Base.lproj/LaunchScreen.storyboard; sourceTree = "<group>"; };
		CE1EDE7A203B622E00E58426 /* Info.plist */ = {isa = PBXFileReference; lastKnownFileType = text.plist.xml; path = Info.plist; sourceTree = "<group>"; };
		CE1EDE81203B626100E58426 /* HTTPRequestRepresentable.swift */ = {isa = PBXFileReference; lastKnownFileType = sourcecode.swift; path = HTTPRequestRepresentable.swift; sourceTree = "<group>"; };
		CE1EDE83203B62A500E58426 /* ErrorRepresentable.swift */ = {isa = PBXFileReference; lastKnownFileType = sourcecode.swift; path = ErrorRepresentable.swift; sourceTree = "<group>"; };
		CE1EDE85203B62CF00E58426 /* ResponseRepresentable.swift */ = {isa = PBXFileReference; lastKnownFileType = sourcecode.swift; path = ResponseRepresentable.swift; sourceTree = "<group>"; };
		CE1EDE89203B635300E58426 /* ResponseHandler.swift */ = {isa = PBXFileReference; lastKnownFileType = sourcecode.swift; path = ResponseHandler.swift; sourceTree = "<group>"; };
		CE1EDE8B203B640B00E58426 /* Service.swift */ = {isa = PBXFileReference; lastKnownFileType = sourcecode.swift; path = Service.swift; sourceTree = "<group>"; };
		CE1EDE8D203B649300E58426 /* ErrorHandler.swift */ = {isa = PBXFileReference; lastKnownFileType = sourcecode.swift; path = ErrorHandler.swift; sourceTree = "<group>"; };
		CE1EDE8F203B64D100E58426 /* BaseService.swift */ = {isa = PBXFileReference; lastKnownFileType = sourcecode.swift; path = BaseService.swift; sourceTree = "<group>"; };
		CE1EDE91203B69A700E58426 /* BaseResponse.swift */ = {isa = PBXFileReference; lastKnownFileType = sourcecode.swift; path = BaseResponse.swift; sourceTree = "<group>"; };
		CE1EDE93203B69FC00E58426 /* HTTPResponseHandler.swift */ = {isa = PBXFileReference; lastKnownFileType = sourcecode.swift; path = HTTPResponseHandler.swift; sourceTree = "<group>"; };
		CE1EDE95203B6C6B00E58426 /* UsersRouter.swift */ = {isa = PBXFileReference; lastKnownFileType = sourcecode.swift; path = UsersRouter.swift; sourceTree = "<group>"; };
		CE1EDE97203B6E0B00E58426 /* BaseError.swift */ = {isa = PBXFileReference; lastKnownFileType = sourcecode.swift; path = BaseError.swift; sourceTree = "<group>"; };
		CE35C8EC20432F1300AEC0D7 /* VKAPIError.swift */ = {isa = PBXFileReference; lastKnownFileType = sourcecode.swift; path = VKAPIError.swift; sourceTree = "<group>"; };
		CE35C8EE2043357200AEC0D7 /* ProcessingErrorType.swift */ = {isa = PBXFileReference; lastKnownFileType = sourcecode.swift; path = ProcessingErrorType.swift; sourceTree = "<group>"; };
		CE542E8F203CA948009B44A8 /* ModelDecodingProcessor.swift */ = {isa = PBXFileReference; lastKnownFileType = sourcecode.swift; path = ModelDecodingProcessor.swift; sourceTree = "<group>"; };
		CE542E92203CAAB1009B44A8 /* User.swift */ = {isa = PBXFileReference; lastKnownFileType = sourcecode.swift; path = User.swift; sourceTree = "<group>"; };
		CE542E94203CB2B6009B44A8 /* UsersList.swift */ = {isa = PBXFileReference; lastKnownFileType = sourcecode.swift; path = UsersList.swift; sourceTree = "<group>"; };
		CE542E97203CB386009B44A8 /* DecodingProcessor.swift */ = {isa = PBXFileReference; lastKnownFileType = sourcecode.swift; path = DecodingProcessor.swift; sourceTree = "<group>"; };
		CE542E9A203CBC19009B44A8 /* WallRouter.swift */ = {isa = PBXFileReference; lastKnownFileType = sourcecode.swift; path = WallRouter.swift; sourceTree = "<group>"; };
		CE542E9C203CBCDE009B44A8 /* Wall.swift */ = {isa = PBXFileReference; lastKnownFileType = sourcecode.swift; path = Wall.swift; sourceTree = "<group>"; };
		CE542E9E203CBCF2009B44A8 /* WallItem.swift */ = {isa = PBXFileReference; lastKnownFileType = sourcecode.swift; path = WallItem.swift; sourceTree = "<group>"; };
		CE542EA3203F4CE4009B44A8 /* NestedModelGetter.swift */ = {isa = PBXFileReference; lastKnownFileType = sourcecode.swift; path = NestedModelGetter.swift; sourceTree = "<group>"; };
		CE542EA6203F51E8009B44A8 /* ResponseModelGetter.swift */ = {isa = PBXFileReference; lastKnownFileType = sourcecode.swift; path = ResponseModelGetter.swift; sourceTree = "<group>"; };
		CEF80D1F20400B02007751D2 /* StringDecodingProcessor.swift */ = {isa = PBXFileReference; lastKnownFileType = sourcecode.swift; path = StringDecodingProcessor.swift; sourceTree = "<group>"; };
		CEF80D2120400B4C007751D2 /* IntDecodingProcessor.swift */ = {isa = PBXFileReference; lastKnownFileType = sourcecode.swift; path = IntDecodingProcessor.swift; sourceTree = "<group>"; };
		CEF80D2A20403115007751D2 /* HTTPPOSTRequest.swift */ = {isa = PBXFileReference; lastKnownFileType = sourcecode.swift; path = HTTPPOSTRequest.swift; sourceTree = "<group>"; };
		CEF80D3020403266007751D2 /* WallGettable.swift */ = {isa = PBXFileReference; lastKnownFileType = sourcecode.swift; path = WallGettable.swift; sourceTree = "<group>"; };
		CEF80D3220403323007751D2 /* BasicWallAPI.swift */ = {isa = PBXFileReference; lastKnownFileType = sourcecode.swift; path = BasicWallAPI.swift; sourceTree = "<group>"; };
		CEF80D3620408D9F007751D2 /* APIBuilder.swift */ = {isa = PBXFileReference; lastKnownFileType = sourcecode.swift; path = APIBuilder.swift; sourceTree = "<group>"; };
		CEF80D3820408E03007751D2 /* VKAPIBuilder.swift */ = {isa = PBXFileReference; lastKnownFileType = sourcecode.swift; path = VKAPIBuilder.swift; sourceTree = "<group>"; };
/* End PBXFileReference section */

/* Begin PBXFrameworksBuildPhase section */
		CE1EDE68203B622E00E58426 /* Frameworks */ = {
			isa = PBXFrameworksBuildPhase;
			buildActionMask = 2147483647;
			files = (
			);
			runOnlyForDeploymentPostprocessing = 0;
		};
/* End PBXFrameworksBuildPhase section */

/* Begin PBXGroup section */
		432055EE203DD3F800ECBA0D /* GET */ = {
			isa = PBXGroup;
			children = (
				432055EF203DD41800ECBA0D /* HTTPGetRequest.swift */,
				CE1EDE95203B6C6B00E58426 /* UsersRouter.swift */,
				CE542E9A203CBC19009B44A8 /* WallRouter.swift */,
			);
			path = GET;
			sourceTree = "<group>";
		};
		4366F687203C160D00A06CC7 /* Serializers */ = {
			isa = PBXGroup;
			children = (
				4366F685203C15D200A06CC7 /* Serializer.swift */,
				4366F688203C161E00A06CC7 /* JSONSerializer.swift */,
			);
			path = Serializers;
			sourceTree = "<group>";
		};
		4366F68E203C1C6F00A06CC7 /* ResponseHandlers */ = {
			isa = PBXGroup;
			children = (
				CE1EDE89203B635300E58426 /* ResponseHandler.swift */,
				CE1EDE93203B69FC00E58426 /* HTTPResponseHandler.swift */,
			);
			path = ResponseHandlers;
			sourceTree = "<group>";
		};
		4366F691203C55F100A06CC7 /* ErrorHandlers */ = {
			isa = PBXGroup;
			children = (
				CE1EDE8D203B649300E58426 /* ErrorHandler.swift */,
				4366F694203C562200A06CC7 /* BaseErrorHandler.swift */,
			);
			path = ErrorHandlers;
			sourceTree = "<group>";
		};
		4366F6A0203C621B00A06CC7 /* SuccessCheckers */ = {
			isa = PBXGroup;
			children = (
				4366F69C203C603900A06CC7 /* SuccessResponseChecker.swift */,
				4366F69E203C607900A06CC7 /* BaseSuccessResponseChecker.swift */,
				4366F6A1203C629000A06CC7 /* VKAPISuccesChecker.swift */,
			);
			path = SuccessCheckers;
			sourceTree = "<group>";
		};
		CE1EDE62203B622E00E58426 = {
			isa = PBXGroup;
			children = (
				CE1EDE6D203B622E00E58426 /* FlexibleNetworkLayer */,
				CE1EDE6C203B622E00E58426 /* Products */,
			);
			sourceTree = "<group>";
		};
		CE1EDE6C203B622E00E58426 /* Products */ = {
			isa = PBXGroup;
			children = (
				CE1EDE6B203B622E00E58426 /* FlexibleNetworkLayer.app */,
			);
			name = Products;
			sourceTree = "<group>";
		};
		CE1EDE6D203B622E00E58426 /* FlexibleNetworkLayer */ = {
			isa = PBXGroup;
			children = (
				CE35C8F02045D52900AEC0D7 /* API */,
				CE542E91203CAAA5009B44A8 /* Models */,
				CE1EDE80203B623800E58426 /* NetworkLayer */,
				CE1EDE6E203B622E00E58426 /* AppDelegate.swift */,
				CE1EDE70203B622E00E58426 /* ViewController.swift */,
				CE1EDE72203B622E00E58426 /* Main.storyboard */,
				CE1EDE75203B622E00E58426 /* Assets.xcassets */,
				CE1EDE77203B622E00E58426 /* LaunchScreen.storyboard */,
				CE1EDE7A203B622E00E58426 /* Info.plist */,
			);
			path = FlexibleNetworkLayer;
			sourceTree = "<group>";
		};
		CE1EDE80203B623800E58426 /* NetworkLayer */ = {
			isa = PBXGroup;
			children = (
				CEF80D3520408D86007751D2 /* APIBuilders */,
				CEF80D2F204031AE007751D2 /* Services */,
				CEF80D2E2040319C007751D2 /* RequestPreparators */,
				CEF80D2D20403174007751D2 /* Responses */,
				CEF80D2C20403162007751D2 /* Errors */,
				CE542EA5203F51BB009B44A8 /* NestedModelGetters */,
				CE542E99203CBBC6009B44A8 /* Requests */,
				CE542E96203CB362009B44A8 /* DecodingProcessors */,
				CE542E8B203C980B009B44A8 /* ErrorHandling */,
				4366F6A0203C621B00A06CC7 /* SuccessCheckers */,
				4366F68E203C1C6F00A06CC7 /* ResponseHandlers */,
				4366F687203C160D00A06CC7 /* Serializers */,
			);
			path = NetworkLayer;
			sourceTree = "<group>";
		};
		CE35C8F02045D52900AEC0D7 /* API */ = {
			isa = PBXGroup;
			children = (
				CEF80D342040678F007751D2 /* WallAPI */,
			);
			path = API;
			sourceTree = "<group>";
		};
		CE542E8B203C980B009B44A8 /* ErrorHandling */ = {
			isa = PBXGroup;
			children = (
				CE542E8C203C981C009B44A8 /* ErrorCodeHandlers */,
				4366F691203C55F100A06CC7 /* ErrorHandlers */,
			);
			path = ErrorHandling;
			sourceTree = "<group>";
		};
		CE542E8C203C981C009B44A8 /* ErrorCodeHandlers */ = {
			isa = PBXGroup;
			children = (
				4366F692203C560200A06CC7 /* ErrorTypeHandler.swift */,
				4366F696203C565600A06CC7 /* BaseErrorTypeHandler.swift */,
			);
			path = ErrorCodeHandlers;
			sourceTree = "<group>";
		};
		CE542E91203CAAA5009B44A8 /* Models */ = {
			isa = PBXGroup;
			children = (
				CE542E92203CAAB1009B44A8 /* User.swift */,
				CE542E94203CB2B6009B44A8 /* UsersList.swift */,
				CE542E9C203CBCDE009B44A8 /* Wall.swift */,
				CE542E9E203CBCF2009B44A8 /* WallItem.swift */,
			);
			path = Models;
			sourceTree = "<group>";
		};
		CE542E96203CB362009B44A8 /* DecodingProcessors */ = {
			isa = PBXGroup;
			children = (
				CE542E97203CB386009B44A8 /* DecodingProcessor.swift */,
				CE542E8F203CA948009B44A8 /* ModelDecodingProcessor.swift */,
				CEF80D1F20400B02007751D2 /* StringDecodingProcessor.swift */,
				CEF80D2120400B4C007751D2 /* IntDecodingProcessor.swift */,
			);
			path = DecodingProcessors;
			sourceTree = "<group>";
		};
		CE542E99203CBBC6009B44A8 /* Requests */ = {
			isa = PBXGroup;
			children = (
				CE1EDE81203B626100E58426 /* HTTPRequestRepresentable.swift */,
				CE542EA0203F45DF009B44A8 /* POST */,
				432055EE203DD3F800ECBA0D /* GET */,
			);
			path = Requests;
			sourceTree = "<group>";
		};
		CE542EA0203F45DF009B44A8 /* POST */ = {
			isa = PBXGroup;
			children = (
				CEF80D2A20403115007751D2 /* HTTPPOSTRequest.swift */,
			);
			path = POST;
			sourceTree = "<group>";
		};
		CE542EA5203F51BB009B44A8 /* NestedModelGetters */ = {
			isa = PBXGroup;
			children = (
				CE542EA3203F4CE4009B44A8 /* NestedModelGetter.swift */,
				CE542EA6203F51E8009B44A8 /* ResponseModelGetter.swift */,
			);
			path = NestedModelGetters;
			sourceTree = "<group>";
		};
		CEF80D2C20403162007751D2 /* Errors */ = {
			isa = PBXGroup;
			children = (
				CE1EDE83203B62A500E58426 /* ErrorRepresentable.swift */,
				CE1EDE97203B6E0B00E58426 /* BaseError.swift */,
				CE35C8EC20432F1300AEC0D7 /* VKAPIError.swift */,
				CE35C8EE2043357200AEC0D7 /* ProcessingErrorType.swift */,
			);
			path = Errors;
			sourceTree = "<group>";
		};
		CEF80D2D20403174007751D2 /* Responses */ = {
			isa = PBXGroup;
			children = (
				CE1EDE85203B62CF00E58426 /* ResponseRepresentable.swift */,
				CE1EDE91203B69A700E58426 /* BaseResponse.swift */,
			);
			path = Responses;
			sourceTree = "<group>";
		};
		CEF80D2E2040319C007751D2 /* RequestPreparators */ = {
			isa = PBXGroup;
			children = (
				432055E8203DAC2D00ECBA0D /* RequestPreparator.swift */,
				432055EA203DAC5300ECBA0D /* BaseRequestPreparator.swift */,
			);
			path = RequestPreparators;
			sourceTree = "<group>";
		};
		CEF80D2F204031AE007751D2 /* Services */ = {
			isa = PBXGroup;
			children = (
				CE1EDE8B203B640B00E58426 /* Service.swift */,
				CE1EDE8F203B64D100E58426 /* BaseService.swift */,
			);
			path = Services;
			sourceTree = "<group>";
		};
		CEF80D342040678F007751D2 /* WallAPI */ = {
			isa = PBXGroup;
			children = (
				CEF80D3220403323007751D2 /* BasicWallAPI.swift */,
				CEF80D3020403266007751D2 /* WallGettable.swift */,
			);
			path = WallAPI;
			sourceTree = "<group>";
		};
		CEF80D3520408D86007751D2 /* APIBuilders */ = {
			isa = PBXGroup;
			children = (
				CEF80D3620408D9F007751D2 /* APIBuilder.swift */,
				CEF80D3820408E03007751D2 /* VKAPIBuilder.swift */,
			);
			path = APIBuilders;
			sourceTree = "<group>";
		};
/* End PBXGroup section */

/* Begin PBXNativeTarget section */
		CE1EDE6A203B622E00E58426 /* FlexibleNetworkLayer */ = {
			isa = PBXNativeTarget;
			buildConfigurationList = CE1EDE7D203B622E00E58426 /* Build configuration list for PBXNativeTarget "FlexibleNetworkLayer" */;
			buildPhases = (
				CE1EDE67203B622E00E58426 /* Sources */,
				CE1EDE68203B622E00E58426 /* Frameworks */,
				CE1EDE69203B622E00E58426 /* Resources */,
			);
			buildRules = (
			);
			dependencies = (
			);
			name = FlexibleNetworkLayer;
			productName = FlexibleNetworkLayer;
			productReference = CE1EDE6B203B622E00E58426 /* FlexibleNetworkLayer.app */;
			productType = "com.apple.product-type.application";
		};
/* End PBXNativeTarget section */

/* Begin PBXProject section */
		CE1EDE63203B622E00E58426 /* Project object */ = {
			isa = PBXProject;
			attributes = {
				LastSwiftUpdateCheck = 0910;
				LastUpgradeCheck = 0910;
				ORGANIZATIONNAME = IA;
				TargetAttributes = {
					CE1EDE6A203B622E00E58426 = {
						CreatedOnToolsVersion = 9.1;
						ProvisioningStyle = Automatic;
					};
				};
			};
			buildConfigurationList = CE1EDE66203B622E00E58426 /* Build configuration list for PBXProject "FlexibleNetworkLayer" */;
			compatibilityVersion = "Xcode 8.0";
			developmentRegion = en;
			hasScannedForEncodings = 0;
			knownRegions = (
				en,
				Base,
			);
			mainGroup = CE1EDE62203B622E00E58426;
			productRefGroup = CE1EDE6C203B622E00E58426 /* Products */;
			projectDirPath = "";
			projectRoot = "";
			targets = (
				CE1EDE6A203B622E00E58426 /* FlexibleNetworkLayer */,
			);
		};
/* End PBXProject section */

/* Begin PBXResourcesBuildPhase section */
		CE1EDE69203B622E00E58426 /* Resources */ = {
			isa = PBXResourcesBuildPhase;
			buildActionMask = 2147483647;
			files = (
				CE1EDE79203B622E00E58426 /* LaunchScreen.storyboard in Resources */,
				CE1EDE76203B622E00E58426 /* Assets.xcassets in Resources */,
				CE1EDE74203B622E00E58426 /* Main.storyboard in Resources */,
			);
			runOnlyForDeploymentPostprocessing = 0;
		};
/* End PBXResourcesBuildPhase section */

/* Begin PBXSourcesBuildPhase section */
		CE1EDE67203B622E00E58426 /* Sources */ = {
			isa = PBXSourcesBuildPhase;
			buildActionMask = 2147483647;
			files = (
				4366F6A2203C629000A06CC7 /* VKAPISuccesChecker.swift in Sources */,
				4366F693203C560200A06CC7 /* ErrorTypeHandler.swift in Sources */,
				CE1EDE71203B622E00E58426 /* ViewController.swift in Sources */,
				CE1EDE8C203B640B00E58426 /* Service.swift in Sources */,
				CE35C8ED20432F1300AEC0D7 /* VKAPIError.swift in Sources */,
				CE1EDE84203B62A500E58426 /* ErrorRepresentable.swift in Sources */,
				4366F689203C161E00A06CC7 /* JSONSerializer.swift in Sources */,
				CEF80D2220400B4C007751D2 /* IntDecodingProcessor.swift in Sources */,
				CE35C8EF2043357200AEC0D7 /* ProcessingErrorType.swift in Sources */,
				432055EB203DAC5300ECBA0D /* BaseRequestPreparator.swift in Sources */,
				432055E9203DAC2D00ECBA0D /* RequestPreparator.swift in Sources */,
				4366F69F203C607900A06CC7 /* BaseSuccessResponseChecker.swift in Sources */,
				CE542E93203CAAB1009B44A8 /* User.swift in Sources */,
				4366F69D203C603900A06CC7 /* SuccessResponseChecker.swift in Sources */,
				CE542EA7203F51E8009B44A8 /* ResponseModelGetter.swift in Sources */,
				4366F695203C562200A06CC7 /* BaseErrorHandler.swift in Sources */,
				4366F697203C565600A06CC7 /* BaseErrorTypeHandler.swift in Sources */,
				4366F686203C15D200A06CC7 /* Serializer.swift in Sources */,
				CE542E95203CB2B6009B44A8 /* UsersList.swift in Sources */,
				CE542E98203CB386009B44A8 /* DecodingProcessor.swift in Sources */,
				CE1EDE94203B69FC00E58426 /* HTTPResponseHandler.swift in Sources */,
				CE542E9B203CBC19009B44A8 /* WallRouter.swift in Sources */,
				CE1EDE86203B62CF00E58426 /* ResponseRepresentable.swift in Sources */,
				CE1EDE6F203B622E00E58426 /* AppDelegate.swift in Sources */,
				CEF80D3120403266007751D2 /* WallGettable.swift in Sources */,
				CE1EDE8E203B649300E58426 /* ErrorHandler.swift in Sources */,
				CE542EA4203F4CE4009B44A8 /* NestedModelGetter.swift in Sources */,
				CEF80D3320403323007751D2 /* BasicWallAPI.swift in Sources */,
				CEF80D2020400B02007751D2 /* StringDecodingProcessor.swift in Sources */,
				432055F0203DD41800ECBA0D /* HTTPGetRequest.swift in Sources */,
				CEF80D3720408D9F007751D2 /* APIBuilder.swift in Sources */,
				CE542E90203CA948009B44A8 /* ModelDecodingProcessor.swift in Sources */,
				CE1EDE82203B626100E58426 /* HTTPRequestRepresentable.swift in Sources */,
				CE1EDE90203B64D100E58426 /* BaseService.swift in Sources */,
				CEF80D2B20403115007751D2 /* HTTPPOSTRequest.swift in Sources */,
				CE1EDE92203B69A700E58426 /* BaseResponse.swift in Sources */,
				CEF80D3920408E03007751D2 /* VKAPIBuilder.swift in Sources */,
				CE1EDE96203B6C6B00E58426 /* UsersRouter.swift in Sources */,
				CE542E9F203CBCF2009B44A8 /* WallItem.swift in Sources */,
				CE1EDE8A203B635300E58426 /* ResponseHandler.swift in Sources */,
				CE1EDE98203B6E0B00E58426 /* BaseError.swift in Sources */,
				CE542E9D203CBCDE009B44A8 /* Wall.swift in Sources */,
			);
			runOnlyForDeploymentPostprocessing = 0;
		};
/* End PBXSourcesBuildPhase section */

/* Begin PBXVariantGroup section */
		CE1EDE72203B622E00E58426 /* Main.storyboard */ = {
			isa = PBXVariantGroup;
			children = (
				CE1EDE73203B622E00E58426 /* Base */,
			);
			name = Main.storyboard;
			sourceTree = "<group>";
		};
		CE1EDE77203B622E00E58426 /* LaunchScreen.storyboard */ = {
			isa = PBXVariantGroup;
			children = (
				CE1EDE78203B622E00E58426 /* Base */,
			);
			name = LaunchScreen.storyboard;
			sourceTree = "<group>";
		};
/* End PBXVariantGroup section */

/* Begin XCBuildConfiguration section */
		CE1EDE7B203B622E00E58426 /* Debug */ = {
			isa = XCBuildConfiguration;
			buildSettings = {
				ALWAYS_SEARCH_USER_PATHS = NO;
				CLANG_ANALYZER_NONNULL = YES;
				CLANG_ANALYZER_NUMBER_OBJECT_CONVERSION = YES_AGGRESSIVE;
				CLANG_CXX_LANGUAGE_STANDARD = "gnu++14";
				CLANG_CXX_LIBRARY = "libc++";
				CLANG_ENABLE_MODULES = YES;
				CLANG_ENABLE_OBJC_ARC = YES;
				CLANG_WARN_BLOCK_CAPTURE_AUTORELEASING = YES;
				CLANG_WARN_BOOL_CONVERSION = YES;
				CLANG_WARN_COMMA = YES;
				CLANG_WARN_CONSTANT_CONVERSION = YES;
				CLANG_WARN_DIRECT_OBJC_ISA_USAGE = YES_ERROR;
				CLANG_WARN_DOCUMENTATION_COMMENTS = YES;
				CLANG_WARN_EMPTY_BODY = YES;
				CLANG_WARN_ENUM_CONVERSION = YES;
				CLANG_WARN_INFINITE_RECURSION = YES;
				CLANG_WARN_INT_CONVERSION = YES;
				CLANG_WARN_NON_LITERAL_NULL_CONVERSION = YES;
				CLANG_WARN_OBJC_LITERAL_CONVERSION = YES;
				CLANG_WARN_OBJC_ROOT_CLASS = YES_ERROR;
				CLANG_WARN_RANGE_LOOP_ANALYSIS = YES;
				CLANG_WARN_STRICT_PROTOTYPES = YES;
				CLANG_WARN_SUSPICIOUS_MOVE = YES;
				CLANG_WARN_UNGUARDED_AVAILABILITY = YES_AGGRESSIVE;
				CLANG_WARN_UNREACHABLE_CODE = YES;
				CLANG_WARN__DUPLICATE_METHOD_MATCH = YES;
				CODE_SIGN_IDENTITY = "iPhone Developer";
				COPY_PHASE_STRIP = NO;
				DEBUG_INFORMATION_FORMAT = dwarf;
				ENABLE_STRICT_OBJC_MSGSEND = YES;
				ENABLE_TESTABILITY = YES;
				GCC_C_LANGUAGE_STANDARD = gnu11;
				GCC_DYNAMIC_NO_PIC = NO;
				GCC_NO_COMMON_BLOCKS = YES;
				GCC_OPTIMIZATION_LEVEL = 0;
				GCC_PREPROCESSOR_DEFINITIONS = (
					"DEBUG=1",
					"$(inherited)",
				);
				GCC_WARN_64_TO_32_BIT_CONVERSION = YES;
				GCC_WARN_ABOUT_RETURN_TYPE = YES_ERROR;
				GCC_WARN_UNDECLARED_SELECTOR = YES;
				GCC_WARN_UNINITIALIZED_AUTOS = YES_AGGRESSIVE;
				GCC_WARN_UNUSED_FUNCTION = YES;
				GCC_WARN_UNUSED_VARIABLE = YES;
				IPHONEOS_DEPLOYMENT_TARGET = 11.1;
				MTL_ENABLE_DEBUG_INFO = YES;
				ONLY_ACTIVE_ARCH = YES;
				SDKROOT = iphoneos;
				SWIFT_ACTIVE_COMPILATION_CONDITIONS = DEBUG;
				SWIFT_OPTIMIZATION_LEVEL = "-Onone";
			};
			name = Debug;
		};
		CE1EDE7C203B622E00E58426 /* Release */ = {
			isa = XCBuildConfiguration;
			buildSettings = {
				ALWAYS_SEARCH_USER_PATHS = NO;
				CLANG_ANALYZER_NONNULL = YES;
				CLANG_ANALYZER_NUMBER_OBJECT_CONVERSION = YES_AGGRESSIVE;
				CLANG_CXX_LANGUAGE_STANDARD = "gnu++14";
				CLANG_CXX_LIBRARY = "libc++";
				CLANG_ENABLE_MODULES = YES;
				CLANG_ENABLE_OBJC_ARC = YES;
				CLANG_WARN_BLOCK_CAPTURE_AUTORELEASING = YES;
				CLANG_WARN_BOOL_CONVERSION = YES;
				CLANG_WARN_COMMA = YES;
				CLANG_WARN_CONSTANT_CONVERSION = YES;
				CLANG_WARN_DIRECT_OBJC_ISA_USAGE = YES_ERROR;
				CLANG_WARN_DOCUMENTATION_COMMENTS = YES;
				CLANG_WARN_EMPTY_BODY = YES;
				CLANG_WARN_ENUM_CONVERSION = YES;
				CLANG_WARN_INFINITE_RECURSION = YES;
				CLANG_WARN_INT_CONVERSION = YES;
				CLANG_WARN_NON_LITERAL_NULL_CONVERSION = YES;
				CLANG_WARN_OBJC_LITERAL_CONVERSION = YES;
				CLANG_WARN_OBJC_ROOT_CLASS = YES_ERROR;
				CLANG_WARN_RANGE_LOOP_ANALYSIS = YES;
				CLANG_WARN_STRICT_PROTOTYPES = YES;
				CLANG_WARN_SUSPICIOUS_MOVE = YES;
				CLANG_WARN_UNGUARDED_AVAILABILITY = YES_AGGRESSIVE;
				CLANG_WARN_UNREACHABLE_CODE = YES;
				CLANG_WARN__DUPLICATE_METHOD_MATCH = YES;
				CODE_SIGN_IDENTITY = "iPhone Developer";
				COPY_PHASE_STRIP = NO;
				DEBUG_INFORMATION_FORMAT = "dwarf-with-dsym";
				ENABLE_NS_ASSERTIONS = NO;
				ENABLE_STRICT_OBJC_MSGSEND = YES;
				GCC_C_LANGUAGE_STANDARD = gnu11;
				GCC_NO_COMMON_BLOCKS = YES;
				GCC_WARN_64_TO_32_BIT_CONVERSION = YES;
				GCC_WARN_ABOUT_RETURN_TYPE = YES_ERROR;
				GCC_WARN_UNDECLARED_SELECTOR = YES;
				GCC_WARN_UNINITIALIZED_AUTOS = YES_AGGRESSIVE;
				GCC_WARN_UNUSED_FUNCTION = YES;
				GCC_WARN_UNUSED_VARIABLE = YES;
				IPHONEOS_DEPLOYMENT_TARGET = 11.1;
				MTL_ENABLE_DEBUG_INFO = NO;
				SDKROOT = iphoneos;
				SWIFT_OPTIMIZATION_LEVEL = "-Owholemodule";
				VALIDATE_PRODUCT = YES;
			};
			name = Release;
		};
		CE1EDE7E203B622E00E58426 /* Debug */ = {
			isa = XCBuildConfiguration;
			buildSettings = {
				ASSETCATALOG_COMPILER_APPICON_NAME = AppIcon;
				CODE_SIGN_STYLE = Automatic;
				DEVELOPMENT_TEAM = 8WY4UX44X6;
				INFOPLIST_FILE = FlexibleNetworkLayer/Info.plist;
				LD_RUNPATH_SEARCH_PATHS = "$(inherited) @executable_path/Frameworks";
				PRODUCT_BUNDLE_IDENTIFIER = com.ialiev.FlexibleNetworkLayer;
				PRODUCT_NAME = "$(TARGET_NAME)";
				SWIFT_VERSION = 4.0;
				TARGETED_DEVICE_FAMILY = "1,2";
			};
			name = Debug;
		};
		CE1EDE7F203B622E00E58426 /* Release */ = {
			isa = XCBuildConfiguration;
			buildSettings = {
				ASSETCATALOG_COMPILER_APPICON_NAME = AppIcon;
				CODE_SIGN_STYLE = Automatic;
				DEVELOPMENT_TEAM = 8WY4UX44X6;
				INFOPLIST_FILE = FlexibleNetworkLayer/Info.plist;
				LD_RUNPATH_SEARCH_PATHS = "$(inherited) @executable_path/Frameworks";
				PRODUCT_BUNDLE_IDENTIFIER = com.ialiev.FlexibleNetworkLayer;
				PRODUCT_NAME = "$(TARGET_NAME)";
				SWIFT_VERSION = 4.0;
				TARGETED_DEVICE_FAMILY = "1,2";
			};
			name = Release;
		};
/* End XCBuildConfiguration section */

/* Begin XCConfigurationList section */
		CE1EDE66203B622E00E58426 /* Build configuration list for PBXProject "FlexibleNetworkLayer" */ = {
			isa = XCConfigurationList;
			buildConfigurations = (
				CE1EDE7B203B622E00E58426 /* Debug */,
				CE1EDE7C203B622E00E58426 /* Release */,
			);
			defaultConfigurationIsVisible = 0;
			defaultConfigurationName = Release;
		};
		CE1EDE7D203B622E00E58426 /* Build configuration list for PBXNativeTarget "FlexibleNetworkLayer" */ = {
			isa = XCConfigurationList;
			buildConfigurations = (
				CE1EDE7E203B622E00E58426 /* Debug */,
				CE1EDE7F203B622E00E58426 /* Release */,
			);
			defaultConfigurationIsVisible = 0;
			defaultConfigurationName = Release;
		};
/* End XCConfigurationList section */
	};
	rootObject = CE1EDE63203B622E00E58426 /* Project object */;
}
